
Microsoft Visual Studio Solution File, Format Version 12.00
# Visual Studio 15
VisualStudioVersion = 15.0.27004.2006
MinimumVisualStudioVersion = 10.0.40219.1
Project("{2150E333-8FDC-42A3-9474-1A3956D46DE8}") = "src", "src", "{FFCBD7FF-DA91-44F1-A8E4-A80804F1AEF9}"
EndProject
Project("{2150E333-8FDC-42A3-9474-1A3956D46DE8}") = "test", "test", "{331473D5-58AB-4451-B4DA-57DD61D9E606}"
EndProject
Project("{9A19103F-16F7-4668-BE54-9A1E7A4F7556}") = "MiniRest.NetCore.Test", "test\MiniRest.NetCore.Test\MiniRest.NetCore.Test.csproj", "{3B4A5EE2-D0ED-4793-9F26-0879FFCFAA48}"
EndProject
Project("{9A19103F-16F7-4668-BE54-9A1E7A4F7556}") = "MiniRest.Netstandard20", "src\MiniRest.Netstandard20\MiniRest.Netstandard20.csproj", "{52977698-C8B4-4258-A901-FB39CD8E928B}"
EndProject
Project("{FAE04EC0-301F-11D3-BF4B-00C04F79EFBC}") = "MiniRest.Net45", "src\MiniRest.Net45\MiniRest.Net45.csproj", "{7507DD1B-49FD-44E7-A957-3299C4E94608}"
EndProject
Project("{FAE04EC0-301F-11D3-BF4B-00C04F79EFBC}") = "SampleApp", "src\SampleApp\SampleApp.csproj", "{C28CF1A7-0439-4541-8104-CB251182764D}"
EndProject
Global
	GlobalSection(SolutionConfigurationPlatforms) = preSolution
		Debug|Any CPU = Debug|Any CPU
		Release|Any CPU = Release|Any CPU
	EndGlobalSection
	GlobalSection(ProjectConfigurationPlatforms) = postSolution
		{3B4A5EE2-D0ED-4793-9F26-0879FFCFAA48}.Debug|Any CPU.ActiveCfg = Debug|Any CPU
		{3B4A5EE2-D0ED-4793-9F26-0879FFCFAA48}.Debug|Any CPU.Build.0 = Debug|Any CPU
		{3B4A5EE2-D0ED-4793-9F26-0879FFCFAA48}.Release|Any CPU.ActiveCfg = Release|Any CPU
		{3B4A5EE2-D0ED-4793-9F26-0879FFCFAA48}.Release|Any CPU.Build.0 = Release|Any CPU
		{52977698-C8B4-4258-A901-FB39CD8E928B}.Debug|Any CPU.ActiveCfg = Debug|Any CPU
		{52977698-C8B4-4258-A901-FB39CD8E928B}.Debug|Any CPU.Build.0 = Debug|Any CPU
		{52977698-C8B4-4258-A901-FB39CD8E928B}.Release|Any CPU.ActiveCfg = Release|Any CPU
		{52977698-C8B4-4258-A901-FB39CD8E928B}.Release|Any CPU.Build.0 = Release|Any CPU
		{7507DD1B-49FD-44E7-A957-3299C4E94608}.Debug|Any CPU.ActiveCfg = Debug|Any CPU
		{7507DD1B-49FD-44E7-A957-3299C4E94608}.Debug|Any CPU.Build.0 = Debug|Any CPU
		{7507DD1B-49FD-44E7-A957-3299C4E94608}.Release|Any CPU.ActiveCfg = Release|Any CPU
		{7507DD1B-49FD-44E7-A957-3299C4E94608}.Release|Any CPU.Build.0 = Release|Any CPU
		{C28CF1A7-0439-4541-8104-CB251182764D}.Debug|Any CPU.ActiveCfg = Debug|Any CPU
		{C28CF1A7-0439-4541-8104-CB251182764D}.Debug|Any CPU.Build.0 = Debug|Any CPU
		{C28CF1A7-0439-4541-8104-CB251182764D}.Release|Any CPU.ActiveCfg = Release|Any CPU
		{C28CF1A7-0439-4541-8104-CB251182764D}.Release|Any CPU.Build.0 = Release|Any CPU
	EndGlobalSection
	GlobalSection(SolutionProperties) = preSolution
		HideSolutionNode = FALSE
	EndGlobalSection
	GlobalSection(NestedProjects) = preSolution
		{3B4A5EE2-D0ED-4793-9F26-0879FFCFAA48} = {331473D5-58AB-4451-B4DA-57DD61D9E606}
		{52977698-C8B4-4258-A901-FB39CD8E928B} = {FFCBD7FF-DA91-44F1-A8E4-A80804F1AEF9}
		{7507DD1B-49FD-44E7-A957-3299C4E94608} = {FFCBD7FF-DA91-44F1-A8E4-A80804F1AEF9}
		{C28CF1A7-0439-4541-8104-CB251182764D} = {FFCBD7FF-DA91-44F1-A8E4-A80804F1AEF9}
	EndGlobalSection
	GlobalSection(ExtensibilityGlobals) = postSolution
		SolutionGuid = {9575A54B-80D1-4FCC-B068-B70B321CF5DB}
	EndGlobalSection
EndGlobal
